{
  "requires": true,
  "lockfileVersion": 1,
  "dependencies": {
    "dedupe": {
      "version": "3.0.2",
      "resolved": "https://registry.npmjs.org/dedupe/-/dedupe-3.0.2.tgz",
      "integrity": "sha512-1BmvzpTdYjyvzTMgd8+A7R9jNJh8GfvVZJqREZpqq7OpePtVFNdw56FjsHFdC35ROSng6y+h4qFYO/VkiKEztg=="
    },
    "flake8": {
      "version": "0.0.1",
      "resolved": "https://registry.npmjs.org/flake8/-/flake8-0.0.1.tgz",
      "integrity": "sha512-3uRF+YBAgl7kG1ibE3Roy/nldjEDnF8tHcYsp5LMrWI4V65xY/2r22hwCvX5uFRV0WfQGvzfaJg3lkyCHBIPhQ=="
    },
    "help": {
      "version": "3.0.2",
      "resolved": "https://registry.npmjs.org/help/-/help-3.0.2.tgz",
      "integrity": "sha1-luGQ1KCkU7icLLSwWrOOOo+f2t0="
    },
    "jquery": {
      "version": "3.5.1",
      "resolved": "https://registry.npmjs.org/jquery/-/jquery-3.5.1.tgz",
      "integrity": "sha512-XwIBPqcMn57FxfT+Go5pzySnm4KWkT1Tv7gjrpT1srtf8Weynl6R273VJ5GjkRb51IzMp5nbaPjJXMWeju2MKg=="
    },
    "mock": {
      "version": "0.1.1",
      "resolved": "https://registry.npmjs.org/mock/-/mock-0.1.1.tgz",
      "integrity": "sha1-5+NYnH5rM3bWn1o+RwtWYEQXxjM="
    },
    "mypy": {
      "version": "1.0.1",
      "resolved": "https://registry.npmjs.org/mypy/-/mypy-1.0.1.tgz",
      "integrity": "sha512-/ZocMhJaX/8JUJSdOZoI0KBiseeVuqktdrd5fr2mdxhWG2kyukiogCg7F2/AOyllrWnH7xfFvPrzIbzw6wHDrA==",
      "requires": {
        "jquery": "^3.5.1"
      }
    },
    "numpy": {
      "version": "0.0.1",
      "resolved": "https://registry.npmjs.org/numpy/-/numpy-0.0.1.tgz",
      "integrity": "sha1-xrvUxJtFvVN/dooJySIKKQ3kFZg="
    },
    "pytest": {
      "version": "1.0.0",
      "resolved": "https://registry.npmjs.org/pytest/-/pytest-1.0.0.tgz",
      "integrity": "sha512-nh2Z5MFd6WyMqUYvLoTrbGpkcI1Gb2GQ2HmdaGZ0h4lCc8FENRhSr5lcHKSK9KIQ9gfrUT5zJaxRbaA/1XjLlA=="
    },
    "pytest-cov": {
      "version": "0.0.1",
      "resolved": "https://registry.npmjs.org/pytest-cov/-/pytest-cov-0.0.1.tgz",
      "integrity": "sha512-S51RGO+1hvP/01nv+up7wOnkcoJXLVgc2Odmt6N6T1Vs1WV5EUImnsSxBcnDz6AxCqJrGHHI6eM2jOtqX+h9BQ=="
    }
  }
}
